{
    "_meta": {
        "hash": {
            "sha256": "deda881743a3f40b851a661f3e757cbfe178b4e359115a266248df57bfdc0676"
        },
        "pipfile-spec": 6,
        "requires": {
            "python_version": "3.8"
        },
        "sources": [
            {
                "name": "pypi",
                "url": "https://pypi.org/simple",
                "verify_ssl": true
            }
        ]
    },
    "default": {},
    "develop": {}
}
